
Microsoft Visual Studio Solution File, Format Version 12.00
# Visual Studio Version 17
VisualStudioVersion = 17.14.36603.0 d17.14
MinimumVisualStudioVersion = 10.0.40219.1
Project("{FAE04EC0-301F-11D3-BF4B-00C04F79EFBC}") = "SupplierInventorySystem", "SupplierInventorySystem\SupplierInventorySystem.csproj", "{A82AD694-8F60-4B91-9D6A-4119C954A2F5}"
EndProject
Global
	GlobalSection(SolutionConfigurationPlatforms) = preSolution
		Debug|Any CPU = Debug|Any CPU
		Release|Any CPU = Release|Any CPU
	EndGlobalSection
	GlobalSection(ProjectConfigurationPlatforms) = postSolution
		{A82AD694-8F60-4B91-9D6A-4119C954A2F5}.Debug|Any CPU.ActiveCfg = Debug|Any CPU
		{A82AD694-8F60-4B91-9D6A-4119C954A2F5}.Debug|Any CPU.Build.0 = Debug|Any CPU
		{A82AD694-8F60-4B91-9D6A-4119C954A2F5}.Release|Any CPU.ActiveCfg = Release|Any CPU
		{A82AD694-8F60-4B91-9D6A-4119C954A2F5}.Release|Any CPU.Build.0 = Release|Any CPU
	EndGlobalSection
	GlobalSection(SolutionProperties) = preSolution
		HideSolutionNode = FALSE
	EndGlobalSection
	GlobalSection(ExtensibilityGlobals) = postSolution
		SolutionGuid = {464FE91E-A300-468D-A091-26B4480234E4}
	EndGlobalSection
EndGlobal
